// !$*UTF8*$!
{
	archiveVersion = 1;
	classes = {
	};
	objectVersion = 51;
	objects = {

/* Begin PBXBuildFile section */
		41FB44CD24899F8D00F11C9B /* AppDelegate.swift in Sources */ = {isa = PBXBuildFile; fileRef = 41FB44CC24899F8D00F11C9B /* AppDelegate.swift */; };
		41FB44CF24899F8D00F11C9B /* SceneDelegate.swift in Sources */ = {isa = PBXBuildFile; fileRef = 41FB44CE24899F8D00F11C9B /* SceneDelegate.swift */; };
		41FB44D624899F9100F11C9B /* Assets.xcassets in Resources */ = {isa = PBXBuildFile; fileRef = 41FB44D524899F9100F11C9B /* Assets.xcassets */; };
		41FB44D924899F9100F11C9B /* LaunchScreen.storyboard in Resources */ = {isa = PBXBuildFile; fileRef = 41FB44D724899F9100F11C9B /* LaunchScreen.storyboard */; };
		41FB44E424899F9100F11C9B /* BestSwiftReposTests.swift in Sources */ = {isa = PBXBuildFile; fileRef = 41FB44E324899F9100F11C9B /* BestSwiftReposTests.swift */; };
		41FB44EF24899F9100F11C9B /* BestSwiftReposUITests.swift in Sources */ = {isa = PBXBuildFile; fileRef = 41FB44EE24899F9100F11C9B /* BestSwiftReposUITests.swift */; };
		41FB45042489A25300F11C9B /* Coordinator.swift in Sources */ = {isa = PBXBuildFile; fileRef = 41FB45032489A25300F11C9B /* Coordinator.swift */; };
		41FB45062489A26600F11C9B /* MainCoordinator.swift in Sources */ = {isa = PBXBuildFile; fileRef = 41FB45052489A26600F11C9B /* MainCoordinator.swift */; };
		41FB45082489A3A100F11C9B /* RepositoriesListViewController.swift in Sources */ = {isa = PBXBuildFile; fileRef = 41FB45072489A3A100F11C9B /* RepositoriesListViewController.swift */; };
		41FB450A2489A72100F11C9B /* APIError.swift in Sources */ = {isa = PBXBuildFile; fileRef = 41FB45092489A72100F11C9B /* APIError.swift */; };
		41FB450C2489A76600F11C9B /* APIEndpoint.swift in Sources */ = {isa = PBXBuildFile; fileRef = 41FB450B2489A76600F11C9B /* APIEndpoint.swift */; };
		41FB450E2489AAFD00F11C9B /* APIProvider.swift in Sources */ = {isa = PBXBuildFile; fileRef = 41FB450D2489AAFD00F11C9B /* APIProvider.swift */; };
		41FB45122489B49500F11C9B /* DataPackage.swift in Sources */ = {isa = PBXBuildFile; fileRef = 41FB45112489B49500F11C9B /* DataPackage.swift */; };
		41FB45142489B51A00F11C9B /* RepositoriesResult.swift in Sources */ = {isa = PBXBuildFile; fileRef = 41FB45132489B51A00F11C9B /* RepositoriesResult.swift */; };
		41FB45162489B52600F11C9B /* Repository.swift in Sources */ = {isa = PBXBuildFile; fileRef = 41FB45152489B52600F11C9B /* Repository.swift */; };
		41FB4520248B365200F11C9B /* Author.swift in Sources */ = {isa = PBXBuildFile; fileRef = 41FB451F248B365200F11C9B /* Author.swift */; };
		41FB4525248C313B00F11C9B /* UITableViewExtension.swift in Sources */ = {isa = PBXBuildFile; fileRef = 41FB4524248C313A00F11C9B /* UITableViewExtension.swift */; };
		41FB4528248C334100F11C9B /* RepositoryTableViewCell.swift in Sources */ = {isa = PBXBuildFile; fileRef = 41FB4527248C334100F11C9B /* RepositoryTableViewCell.swift */; };
		41FB452A248C3DEF00F11C9B /* RespositoriesListProtocols.swift in Sources */ = {isa = PBXBuildFile; fileRef = 41FB4529248C3DEF00F11C9B /* RespositoriesListProtocols.swift */; };
		41FB452C248C3ED300F11C9B /* RepositoryTableItemPresenter.swift in Sources */ = {isa = PBXBuildFile; fileRef = 41FB452B248C3ED300F11C9B /* RepositoryTableItemPresenter.swift */; };
		41FB452E248C441600F11C9B /* UIImageViewExtension.swift in Sources */ = {isa = PBXBuildFile; fileRef = 41FB452D248C441600F11C9B /* UIImageViewExtension.swift */; };
		41FB4530248C449200F11C9B /* UIViewExtension.swift in Sources */ = {isa = PBXBuildFile; fileRef = 41FB452F248C449200F11C9B /* UIViewExtension.swift */; };
		41FB4532248C452E00F11C9B /* UIScreenExtension.swift in Sources */ = {isa = PBXBuildFile; fileRef = 41FB4531248C452E00F11C9B /* UIScreenExtension.swift */; };
		41FB4534248C45E700F11C9B /* Global.swift in Sources */ = {isa = PBXBuildFile; fileRef = 41FB4533248C45E700F11C9B /* Global.swift */; };
		41FB4537248C581F00F11C9B /* RepositoriesListPresenter.swift in Sources */ = {isa = PBXBuildFile; fileRef = 41FB4536248C581F00F11C9B /* RepositoriesListPresenter.swift */; };
		41FB4539248C645700F11C9B /* RepositoriesListService.swift in Sources */ = {isa = PBXBuildFile; fileRef = 41FB4538248C645700F11C9B /* RepositoriesListService.swift */; };
		41FB453F248CBAFF00F11C9B /* AppColorPalette.swift in Sources */ = {isa = PBXBuildFile; fileRef = 41FB453E248CBAFF00F11C9B /* AppColorPalette.swift */; };
		41FB4542248D34D700F11C9B /* ActivityIndicatorTableViewCell.swift in Sources */ = {isa = PBXBuildFile; fileRef = 41FB4541248D34D700F11C9B /* ActivityIndicatorTableViewCell.swift */; };
		41FB4544248D38B000F11C9B /* ActivityIndicatorTableItemPresenter.swift in Sources */ = {isa = PBXBuildFile; fileRef = 41FB4543248D38B000F11C9B /* ActivityIndicatorTableItemPresenter.swift */; };
		41FB4546248D392400F11C9B /* ActivityIndicatorProtocols.swift in Sources */ = {isa = PBXBuildFile; fileRef = 41FB4545248D392400F11C9B /* ActivityIndicatorProtocols.swift */; };
		41FB4548248D3E5200F11C9B /* UIScrollViewExtension.swift in Sources */ = {isa = PBXBuildFile; fileRef = 41FB4547248D3E5200F11C9B /* UIScrollViewExtension.swift */; };
		532848132A792C942BE4CCF3 /* Pods_BestSwiftRepos.framework in Frameworks */ = {isa = PBXBuildFile; fileRef = C45006DE56371FF0E91FA3D6 /* Pods_BestSwiftRepos.framework */; };
		8AD68F2C7B10853B188492FD /* Pods_BestSwiftReposTests.framework in Frameworks */ = {isa = PBXBuildFile; fileRef = CD292BE1A6AC1E8987B92F25 /* Pods_BestSwiftReposTests.framework */; };
		AFA27FEF0D9B6F869EE57C3E /* Pods_BestSwiftRepos_BestSwiftReposUITests.framework in Frameworks */ = {isa = PBXBuildFile; fileRef = 0D72EC18F1DE2A53A5E94B82 /* Pods_BestSwiftRepos_BestSwiftReposUITests.framework */; };
/* End PBXBuildFile section */

/* Begin PBXContainerItemProxy section */
		41FB44E024899F9100F11C9B /* PBXContainerItemProxy */ = {
			isa = PBXContainerItemProxy;
			containerPortal = 41FB44C124899F8D00F11C9B /* Project object */;
			proxyType = 1;
			remoteGlobalIDString = 41FB44C824899F8D00F11C9B;
			remoteInfo = BestSwiftRepos;
		};
		41FB44EB24899F9100F11C9B /* PBXContainerItemProxy */ = {
			isa = PBXContainerItemProxy;
			containerPortal = 41FB44C124899F8D00F11C9B /* Project object */;
			proxyType = 1;
			remoteGlobalIDString = 41FB44C824899F8D00F11C9B;
			remoteInfo = BestSwiftRepos;
		};
/* End PBXContainerItemProxy section */

/* Begin PBXFileReference section */
		0D72EC18F1DE2A53A5E94B82 /* Pods_BestSwiftRepos_BestSwiftReposUITests.framework */ = {isa = PBXFileReference; explicitFileType = wrapper.framework; includeInIndex = 0; path = Pods_BestSwiftRepos_BestSwiftReposUITests.framework; sourceTree = BUILT_PRODUCTS_DIR; };
		24412D77B2D3B751CEB9E2E3 /* Pods-BestSwiftReposTests.release.xcconfig */ = {isa = PBXFileReference; includeInIndex = 1; lastKnownFileType = text.xcconfig; name = "Pods-BestSwiftReposTests.release.xcconfig"; path = "Target Support Files/Pods-BestSwiftReposTests/Pods-BestSwiftReposTests.release.xcconfig"; sourceTree = "<group>"; };
		41FB44C924899F8D00F11C9B /* BestSwiftRepos.app */ = {isa = PBXFileReference; explicitFileType = wrapper.application; includeInIndex = 0; path = BestSwiftRepos.app; sourceTree = BUILT_PRODUCTS_DIR; };
		41FB44CC24899F8D00F11C9B /* AppDelegate.swift */ = {isa = PBXFileReference; lastKnownFileType = sourcecode.swift; path = AppDelegate.swift; sourceTree = "<group>"; };
		41FB44CE24899F8D00F11C9B /* SceneDelegate.swift */ = {isa = PBXFileReference; lastKnownFileType = sourcecode.swift; path = SceneDelegate.swift; sourceTree = "<group>"; };
		41FB44D524899F9100F11C9B /* Assets.xcassets */ = {isa = PBXFileReference; lastKnownFileType = folder.assetcatalog; path = Assets.xcassets; sourceTree = "<group>"; };
		41FB44D824899F9100F11C9B /* Base */ = {isa = PBXFileReference; lastKnownFileType = file.storyboard; name = Base; path = Base.lproj/LaunchScreen.storyboard; sourceTree = "<group>"; };
		41FB44DA24899F9100F11C9B /* Info.plist */ = {isa = PBXFileReference; lastKnownFileType = text.plist.xml; path = Info.plist; sourceTree = "<group>"; };
		41FB44DF24899F9100F11C9B /* BestSwiftReposTests.xctest */ = {isa = PBXFileReference; explicitFileType = wrapper.cfbundle; includeInIndex = 0; path = BestSwiftReposTests.xctest; sourceTree = BUILT_PRODUCTS_DIR; };
		41FB44E324899F9100F11C9B /* BestSwiftReposTests.swift */ = {isa = PBXFileReference; lastKnownFileType = sourcecode.swift; path = BestSwiftReposTests.swift; sourceTree = "<group>"; };
		41FB44E524899F9100F11C9B /* Info.plist */ = {isa = PBXFileReference; lastKnownFileType = text.plist.xml; path = Info.plist; sourceTree = "<group>"; };
		41FB44EA24899F9100F11C9B /* BestSwiftReposUITests.xctest */ = {isa = PBXFileReference; explicitFileType = wrapper.cfbundle; includeInIndex = 0; path = BestSwiftReposUITests.xctest; sourceTree = BUILT_PRODUCTS_DIR; };
		41FB44EE24899F9100F11C9B /* BestSwiftReposUITests.swift */ = {isa = PBXFileReference; lastKnownFileType = sourcecode.swift; path = BestSwiftReposUITests.swift; sourceTree = "<group>"; };
		41FB44F024899F9100F11C9B /* Info.plist */ = {isa = PBXFileReference; lastKnownFileType = text.plist.xml; path = Info.plist; sourceTree = "<group>"; };
		41FB45032489A25300F11C9B /* Coordinator.swift */ = {isa = PBXFileReference; lastKnownFileType = sourcecode.swift; path = Coordinator.swift; sourceTree = "<group>"; };
		41FB45052489A26600F11C9B /* MainCoordinator.swift */ = {isa = PBXFileReference; lastKnownFileType = sourcecode.swift; path = MainCoordinator.swift; sourceTree = "<group>"; };
		41FB45072489A3A100F11C9B /* RepositoriesListViewController.swift */ = {isa = PBXFileReference; lastKnownFileType = sourcecode.swift; path = RepositoriesListViewController.swift; sourceTree = "<group>"; };
		41FB45092489A72100F11C9B /* APIError.swift */ = {isa = PBXFileReference; lastKnownFileType = sourcecode.swift; path = APIError.swift; sourceTree = "<group>"; };
		41FB450B2489A76600F11C9B /* APIEndpoint.swift */ = {isa = PBXFileReference; lastKnownFileType = sourcecode.swift; path = APIEndpoint.swift; sourceTree = "<group>"; };
		41FB450D2489AAFD00F11C9B /* APIProvider.swift */ = {isa = PBXFileReference; lastKnownFileType = sourcecode.swift; path = APIProvider.swift; sourceTree = "<group>"; };
		41FB45112489B49500F11C9B /* DataPackage.swift */ = {isa = PBXFileReference; lastKnownFileType = sourcecode.swift; path = DataPackage.swift; sourceTree = "<group>"; };
		41FB45132489B51A00F11C9B /* RepositoriesResult.swift */ = {isa = PBXFileReference; lastKnownFileType = sourcecode.swift; path = RepositoriesResult.swift; sourceTree = "<group>"; };
		41FB45152489B52600F11C9B /* Repository.swift */ = {isa = PBXFileReference; lastKnownFileType = sourcecode.swift; path = Repository.swift; sourceTree = "<group>"; };
		41FB451F248B365200F11C9B /* Author.swift */ = {isa = PBXFileReference; lastKnownFileType = sourcecode.swift; path = Author.swift; sourceTree = "<group>"; };
		41FB4524248C313A00F11C9B /* UITableViewExtension.swift */ = {isa = PBXFileReference; lastKnownFileType = sourcecode.swift; path = UITableViewExtension.swift; sourceTree = "<group>"; };
		41FB4527248C334100F11C9B /* RepositoryTableViewCell.swift */ = {isa = PBXFileReference; lastKnownFileType = sourcecode.swift; path = RepositoryTableViewCell.swift; sourceTree = "<group>"; };
		41FB4529248C3DEF00F11C9B /* RespositoriesListProtocols.swift */ = {isa = PBXFileReference; lastKnownFileType = sourcecode.swift; path = RespositoriesListProtocols.swift; sourceTree = "<group>"; };
		41FB452B248C3ED300F11C9B /* RepositoryTableItemPresenter.swift */ = {isa = PBXFileReference; lastKnownFileType = sourcecode.swift; path = RepositoryTableItemPresenter.swift; sourceTree = "<group>"; };
		41FB452D248C441600F11C9B /* UIImageViewExtension.swift */ = {isa = PBXFileReference; lastKnownFileType = sourcecode.swift; path = UIImageViewExtension.swift; sourceTree = "<group>"; };
		41FB452F248C449200F11C9B /* UIViewExtension.swift */ = {isa = PBXFileReference; lastKnownFileType = sourcecode.swift; path = UIViewExtension.swift; sourceTree = "<group>"; };
		41FB4531248C452E00F11C9B /* UIScreenExtension.swift */ = {isa = PBXFileReference; lastKnownFileType = sourcecode.swift; path = UIScreenExtension.swift; sourceTree = "<group>"; };
		41FB4533248C45E700F11C9B /* Global.swift */ = {isa = PBXFileReference; lastKnownFileType = sourcecode.swift; path = Global.swift; sourceTree = "<group>"; };
		41FB4536248C581F00F11C9B /* RepositoriesListPresenter.swift */ = {isa = PBXFileReference; lastKnownFileType = sourcecode.swift; path = RepositoriesListPresenter.swift; sourceTree = "<group>"; };
		41FB4538248C645700F11C9B /* RepositoriesListService.swift */ = {isa = PBXFileReference; lastKnownFileType = sourcecode.swift; path = RepositoriesListService.swift; sourceTree = "<group>"; };
		41FB453E248CBAFF00F11C9B /* AppColorPalette.swift */ = {isa = PBXFileReference; lastKnownFileType = sourcecode.swift; path = AppColorPalette.swift; sourceTree = "<group>"; };
		41FB4541248D34D700F11C9B /* ActivityIndicatorTableViewCell.swift */ = {isa = PBXFileReference; lastKnownFileType = sourcecode.swift; path = ActivityIndicatorTableViewCell.swift; sourceTree = "<group>"; };
		41FB4543248D38B000F11C9B /* ActivityIndicatorTableItemPresenter.swift */ = {isa = PBXFileReference; lastKnownFileType = sourcecode.swift; path = ActivityIndicatorTableItemPresenter.swift; sourceTree = "<group>"; };
		41FB4545248D392400F11C9B /* ActivityIndicatorProtocols.swift */ = {isa = PBXFileReference; lastKnownFileType = sourcecode.swift; path = ActivityIndicatorProtocols.swift; sourceTree = "<group>"; };
		41FB4547248D3E5200F11C9B /* UIScrollViewExtension.swift */ = {isa = PBXFileReference; lastKnownFileType = sourcecode.swift; path = UIScrollViewExtension.swift; sourceTree = "<group>"; };
		4E1A01C1BE411AF5480B1A9C /* Pods-BestSwiftRepos-BestSwiftReposUITests.debug.xcconfig */ = {isa = PBXFileReference; includeInIndex = 1; lastKnownFileType = text.xcconfig; name = "Pods-BestSwiftRepos-BestSwiftReposUITests.debug.xcconfig"; path = "Target Support Files/Pods-BestSwiftRepos-BestSwiftReposUITests/Pods-BestSwiftRepos-BestSwiftReposUITests.debug.xcconfig"; sourceTree = "<group>"; };
		50FFED960BB71E0EADC1B7C7 /* Pods-BestSwiftReposTests.debug.xcconfig */ = {isa = PBXFileReference; includeInIndex = 1; lastKnownFileType = text.xcconfig; name = "Pods-BestSwiftReposTests.debug.xcconfig"; path = "Target Support Files/Pods-BestSwiftReposTests/Pods-BestSwiftReposTests.debug.xcconfig"; sourceTree = "<group>"; };
		7DFFCE3FE7D08D8413775083 /* Pods-BestSwiftRepos-BestSwiftReposUITests.release.xcconfig */ = {isa = PBXFileReference; includeInIndex = 1; lastKnownFileType = text.xcconfig; name = "Pods-BestSwiftRepos-BestSwiftReposUITests.release.xcconfig"; path = "Target Support Files/Pods-BestSwiftRepos-BestSwiftReposUITests/Pods-BestSwiftRepos-BestSwiftReposUITests.release.xcconfig"; sourceTree = "<group>"; };
		8B55B1F8D5EBF2232677200D /* Pods-BestSwiftRepos.release.xcconfig */ = {isa = PBXFileReference; includeInIndex = 1; lastKnownFileType = text.xcconfig; name = "Pods-BestSwiftRepos.release.xcconfig"; path = "Target Support Files/Pods-BestSwiftRepos/Pods-BestSwiftRepos.release.xcconfig"; sourceTree = "<group>"; };
		C45006DE56371FF0E91FA3D6 /* Pods_BestSwiftRepos.framework */ = {isa = PBXFileReference; explicitFileType = wrapper.framework; includeInIndex = 0; path = Pods_BestSwiftRepos.framework; sourceTree = BUILT_PRODUCTS_DIR; };
		CD292BE1A6AC1E8987B92F25 /* Pods_BestSwiftReposTests.framework */ = {isa = PBXFileReference; explicitFileType = wrapper.framework; includeInIndex = 0; path = Pods_BestSwiftReposTests.framework; sourceTree = BUILT_PRODUCTS_DIR; };
		CF1C30826500BF07E6B33E86 /* Pods-BestSwiftRepos.debug.xcconfig */ = {isa = PBXFileReference; includeInIndex = 1; lastKnownFileType = text.xcconfig; name = "Pods-BestSwiftRepos.debug.xcconfig"; path = "Target Support Files/Pods-BestSwiftRepos/Pods-BestSwiftRepos.debug.xcconfig"; sourceTree = "<group>"; };
/* End PBXFileReference section */

/* Begin PBXFrameworksBuildPhase section */
		41FB44C624899F8D00F11C9B /* Frameworks */ = {
			isa = PBXFrameworksBuildPhase;
			buildActionMask = 2147483647;
			files = (
				532848132A792C942BE4CCF3 /* Pods_BestSwiftRepos.framework in Frameworks */,
			);
			runOnlyForDeploymentPostprocessing = 0;
		};
		41FB44DC24899F9100F11C9B /* Frameworks */ = {
			isa = PBXFrameworksBuildPhase;
			buildActionMask = 2147483647;
			files = (
				8AD68F2C7B10853B188492FD /* Pods_BestSwiftReposTests.framework in Frameworks */,
			);
			runOnlyForDeploymentPostprocessing = 0;
		};
		41FB44E724899F9100F11C9B /* Frameworks */ = {
			isa = PBXFrameworksBuildPhase;
			buildActionMask = 2147483647;
			files = (
				AFA27FEF0D9B6F869EE57C3E /* Pods_BestSwiftRepos_BestSwiftReposUITests.framework in Frameworks */,
			);
			runOnlyForDeploymentPostprocessing = 0;
		};
/* End PBXFrameworksBuildPhase section */

/* Begin PBXGroup section */
		1E59977ACD633CB44D126723 /* Frameworks */ = {
			isa = PBXGroup;
			children = (
				C45006DE56371FF0E91FA3D6 /* Pods_BestSwiftRepos.framework */,
				0D72EC18F1DE2A53A5E94B82 /* Pods_BestSwiftRepos_BestSwiftReposUITests.framework */,
				CD292BE1A6AC1E8987B92F25 /* Pods_BestSwiftReposTests.framework */,
			);
			name = Frameworks;
			sourceTree = "<group>";
		};
		41FB44C024899F8D00F11C9B = {
			isa = PBXGroup;
			children = (
				41FB44CB24899F8D00F11C9B /* BestSwiftRepos */,
				41FB44E224899F9100F11C9B /* BestSwiftReposTests */,
				41FB44ED24899F9100F11C9B /* BestSwiftReposUITests */,
				41FB44CA24899F8D00F11C9B /* Products */,
				AB415FE7C49814F222E1C923 /* Pods */,
				1E59977ACD633CB44D126723 /* Frameworks */,
			);
			sourceTree = "<group>";
		};
		41FB44CA24899F8D00F11C9B /* Products */ = {
			isa = PBXGroup;
			children = (
				41FB44C924899F8D00F11C9B /* BestSwiftRepos.app */,
				41FB44DF24899F9100F11C9B /* BestSwiftReposTests.xctest */,
				41FB44EA24899F9100F11C9B /* BestSwiftReposUITests.xctest */,
			);
			name = Products;
			sourceTree = "<group>";
		};
		41FB44CB24899F8D00F11C9B /* BestSwiftRepos */ = {
			isa = PBXGroup;
			children = (
				41FB4540248D34A500F11C9B /* Components */,
				41FB45022489A13200F11C9B /* Coordinator */,
				41FB44FC2489A06C00F11C9B /* Extensions */,
				41FB44FE2489A09700F11C9B /* Features */,
				41FB44FD2489A09000F11C9B /* Model */,
				41FB44FF2489A0A400F11C9B /* Service */,
				41FB45002489A0AD00F11C9B /* Storyboards */,
				41FB45012489A0B700F11C9B /* SupportingFiles */,
				41FB4535248C467C00F11C9B /* Utils */,
				41FB44DA24899F9100F11C9B /* Info.plist */,
			);
			path = BestSwiftRepos;
			sourceTree = "<group>";
		};
		41FB44E224899F9100F11C9B /* BestSwiftReposTests */ = {
			isa = PBXGroup;
			children = (
				41FB44E324899F9100F11C9B /* BestSwiftReposTests.swift */,
				41FB44E524899F9100F11C9B /* Info.plist */,
			);
			path = BestSwiftReposTests;
			sourceTree = "<group>";
		};
		41FB44ED24899F9100F11C9B /* BestSwiftReposUITests */ = {
			isa = PBXGroup;
			children = (
				41FB44EE24899F9100F11C9B /* BestSwiftReposUITests.swift */,
				41FB44F024899F9100F11C9B /* Info.plist */,
			);
			path = BestSwiftReposUITests;
			sourceTree = "<group>";
		};
		41FB44FC2489A06C00F11C9B /* Extensions */ = {
			isa = PBXGroup;
			children = (
				41FB452D248C441600F11C9B /* UIImageViewExtension.swift */,
				41FB4531248C452E00F11C9B /* UIScreenExtension.swift */,
				41FB4547248D3E5200F11C9B /* UIScrollViewExtension.swift */,
				41FB4524248C313A00F11C9B /* UITableViewExtension.swift */,
				41FB452F248C449200F11C9B /* UIViewExtension.swift */,
			);
			path = Extensions;
			sourceTree = "<group>";
		};
		41FB44FD2489A09000F11C9B /* Model */ = {
			isa = PBXGroup;
			children = (
				41FB451F248B365200F11C9B /* Author.swift */,
				41FB45112489B49500F11C9B /* DataPackage.swift */,
				41FB45132489B51A00F11C9B /* RepositoriesResult.swift */,
				41FB45152489B52600F11C9B /* Repository.swift */,
			);
			path = Model;
			sourceTree = "<group>";
		};
		41FB44FE2489A09700F11C9B /* Features */ = {
			isa = PBXGroup;
			children = (
				41FB4521248C2FFE00F11C9B /* RepositoriesList */,
			);
			path = Features;
			sourceTree = "<group>";
		};
		41FB44FF2489A0A400F11C9B /* Service */ = {
			isa = PBXGroup;
			children = (
				41FB45092489A72100F11C9B /* APIError.swift */,
				41FB450B2489A76600F11C9B /* APIEndpoint.swift */,
				41FB450D2489AAFD00F11C9B /* APIProvider.swift */,
			);
			path = Service;
			sourceTree = "<group>";
		};
		41FB45002489A0AD00F11C9B /* Storyboards */ = {
			isa = PBXGroup;
			children = (
				41FB44D724899F9100F11C9B /* LaunchScreen.storyboard */,
			);
			path = Storyboards;
			sourceTree = "<group>";
		};
		41FB45012489A0B700F11C9B /* SupportingFiles */ = {
			isa = PBXGroup;
			children = (
				41FB44CC24899F8D00F11C9B /* AppDelegate.swift */,
				41FB44CE24899F8D00F11C9B /* SceneDelegate.swift */,
				41FB44D524899F9100F11C9B /* Assets.xcassets */,
			);
			path = SupportingFiles;
			sourceTree = "<group>";
		};
		41FB45022489A13200F11C9B /* Coordinator */ = {
			isa = PBXGroup;
			children = (
				41FB45032489A25300F11C9B /* Coordinator.swift */,
				41FB45052489A26600F11C9B /* MainCoordinator.swift */,
			);
			path = Coordinator;
			sourceTree = "<group>";
		};
		41FB4521248C2FFE00F11C9B /* RepositoriesList */ = {
			isa = PBXGroup;
			children = (
				41FB4526248C32AD00F11C9B /* Cell */,
				41FB4529248C3DEF00F11C9B /* RespositoriesListProtocols.swift */,
				41FB4536248C581F00F11C9B /* RepositoriesListPresenter.swift */,
				41FB4538248C645700F11C9B /* RepositoriesListService.swift */,
				41FB45072489A3A100F11C9B /* RepositoriesListViewController.swift */,
			);
			path = RepositoriesList;
			sourceTree = "<group>";
		};
		41FB4526248C32AD00F11C9B /* Cell */ = {
			isa = PBXGroup;
			children = (
				41FB452B248C3ED300F11C9B /* RepositoryTableItemPresenter.swift */,
				41FB4527248C334100F11C9B /* RepositoryTableViewCell.swift */,
			);
			path = Cell;
			sourceTree = "<group>";
		};
		41FB4535248C467C00F11C9B /* Utils */ = {
			isa = PBXGroup;
			children = (
				41FB4533248C45E700F11C9B /* Global.swift */,
				41FB453E248CBAFF00F11C9B /* AppColorPalette.swift */,
			);
			path = Utils;
			sourceTree = "<group>";
		};
		41FB4540248D34A500F11C9B /* Components */ = {
			isa = PBXGroup;
			children = (
				41FB4545248D392400F11C9B /* ActivityIndicatorProtocols.swift */,
				41FB4543248D38B000F11C9B /* ActivityIndicatorTableItemPresenter.swift */,
				41FB4541248D34D700F11C9B /* ActivityIndicatorTableViewCell.swift */,
			);
			path = Components;
			sourceTree = "<group>";
		};
		AB415FE7C49814F222E1C923 /* Pods */ = {
			isa = PBXGroup;
			children = (
				CF1C30826500BF07E6B33E86 /* Pods-BestSwiftRepos.debug.xcconfig */,
				8B55B1F8D5EBF2232677200D /* Pods-BestSwiftRepos.release.xcconfig */,
				4E1A01C1BE411AF5480B1A9C /* Pods-BestSwiftRepos-BestSwiftReposUITests.debug.xcconfig */,
				7DFFCE3FE7D08D8413775083 /* Pods-BestSwiftRepos-BestSwiftReposUITests.release.xcconfig */,
				50FFED960BB71E0EADC1B7C7 /* Pods-BestSwiftReposTests.debug.xcconfig */,
				24412D77B2D3B751CEB9E2E3 /* Pods-BestSwiftReposTests.release.xcconfig */,
			);
			path = Pods;
			sourceTree = "<group>";
		};
/* End PBXGroup section */

/* Begin PBXNativeTarget section */
		41FB44C824899F8D00F11C9B /* BestSwiftRepos */ = {
			isa = PBXNativeTarget;
			buildConfigurationList = 41FB44F324899F9100F11C9B /* Build configuration list for PBXNativeTarget "BestSwiftRepos" */;
			buildPhases = (
				4CC13B7DC1BD467D0F08412D /* [CP] Check Pods Manifest.lock */,
				41FB44C524899F8D00F11C9B /* Sources */,
				41FB44C624899F8D00F11C9B /* Frameworks */,
				41FB44C724899F8D00F11C9B /* Resources */,
				EBA3B4F972FC2169E4A6B0EB /* [CP] Embed Pods Frameworks */,
			);
			buildRules = (
			);
			dependencies = (
			);
			name = BestSwiftRepos;
			productName = BestSwiftRepos;
			productReference = 41FB44C924899F8D00F11C9B /* BestSwiftRepos.app */;
			productType = "com.apple.product-type.application";
		};
		41FB44DE24899F9100F11C9B /* BestSwiftReposTests */ = {
			isa = PBXNativeTarget;
			buildConfigurationList = 41FB44F624899F9100F11C9B /* Build configuration list for PBXNativeTarget "BestSwiftReposTests" */;
			buildPhases = (
				D9EC7BA064EE40A0BA6BD221 /* [CP] Check Pods Manifest.lock */,
				41FB44DB24899F9100F11C9B /* Sources */,
				41FB44DC24899F9100F11C9B /* Frameworks */,
				41FB44DD24899F9100F11C9B /* Resources */,
				7C5CCEE66B9464C722B38C7E /* [CP] Embed Pods Frameworks */,
			);
			buildRules = (
			);
			dependencies = (
				41FB44E124899F9100F11C9B /* PBXTargetDependency */,
			);
			name = BestSwiftReposTests;
			productName = BestSwiftReposTests;
			productReference = 41FB44DF24899F9100F11C9B /* BestSwiftReposTests.xctest */;
			productType = "com.apple.product-type.bundle.unit-test";
		};
		41FB44E924899F9100F11C9B /* BestSwiftReposUITests */ = {
			isa = PBXNativeTarget;
			buildConfigurationList = 41FB44F924899F9100F11C9B /* Build configuration list for PBXNativeTarget "BestSwiftReposUITests" */;
			buildPhases = (
				0B1451110CB0FE2454DD655C /* [CP] Check Pods Manifest.lock */,
				41FB44E624899F9100F11C9B /* Sources */,
				41FB44E724899F9100F11C9B /* Frameworks */,
				41FB44E824899F9100F11C9B /* Resources */,
				9B05C74F66B7E99792B69947 /* [CP] Embed Pods Frameworks */,
			);
			buildRules = (
			);
			dependencies = (
				41FB44EC24899F9100F11C9B /* PBXTargetDependency */,
			);
			name = BestSwiftReposUITests;
			productName = BestSwiftReposUITests;
			productReference = 41FB44EA24899F9100F11C9B /* BestSwiftReposUITests.xctest */;
			productType = "com.apple.product-type.bundle.ui-testing";
		};
/* End PBXNativeTarget section */

/* Begin PBXProject section */
		41FB44C124899F8D00F11C9B /* Project object */ = {
			isa = PBXProject;
			attributes = {
				LastSwiftUpdateCheck = 1130;
				LastUpgradeCheck = 1130;
				ORGANIZATIONNAME = "Rodrigo Pacheco";
				TargetAttributes = {
					41FB44C824899F8D00F11C9B = {
						CreatedOnToolsVersion = 11.3.1;
					};
					41FB44DE24899F9100F11C9B = {
						CreatedOnToolsVersion = 11.3.1;
						TestTargetID = 41FB44C824899F8D00F11C9B;
					};
					41FB44E924899F9100F11C9B = {
						CreatedOnToolsVersion = 11.3.1;
						TestTargetID = 41FB44C824899F8D00F11C9B;
					};
				};
			};
			buildConfigurationList = 41FB44C424899F8D00F11C9B /* Build configuration list for PBXProject "BestSwiftRepos" */;
			compatibilityVersion = "Xcode 9.3";
			developmentRegion = en;
			hasScannedForEncodings = 0;
			knownRegions = (
				en,
				Base,
			);
			mainGroup = 41FB44C024899F8D00F11C9B;
			productRefGroup = 41FB44CA24899F8D00F11C9B /* Products */;
			projectDirPath = "";
			projectRoot = "";
			targets = (
				41FB44C824899F8D00F11C9B /* BestSwiftRepos */,
				41FB44DE24899F9100F11C9B /* BestSwiftReposTests */,
				41FB44E924899F9100F11C9B /* BestSwiftReposUITests */,
			);
		};
/* End PBXProject section */

/* Begin PBXResourcesBuildPhase section */
		41FB44C724899F8D00F11C9B /* Resources */ = {
			isa = PBXResourcesBuildPhase;
			buildActionMask = 2147483647;
			files = (
				41FB44D924899F9100F11C9B /* LaunchScreen.storyboard in Resources */,
				41FB44D624899F9100F11C9B /* Assets.xcassets in Resources */,
			);
			runOnlyForDeploymentPostprocessing = 0;
		};
		41FB44DD24899F9100F11C9B /* Resources */ = {
			isa = PBXResourcesBuildPhase;
			buildActionMask = 2147483647;
			files = (
			);
			runOnlyForDeploymentPostprocessing = 0;
		};
		41FB44E824899F9100F11C9B /* Resources */ = {
			isa = PBXResourcesBuildPhase;
			buildActionMask = 2147483647;
			files = (
			);
			runOnlyForDeploymentPostprocessing = 0;
		};
/* End PBXResourcesBuildPhase section */

/* Begin PBXShellScriptBuildPhase section */
		0B1451110CB0FE2454DD655C /* [CP] Check Pods Manifest.lock */ = {
			isa = PBXShellScriptBuildPhase;
			buildActionMask = 2147483647;
			files = (
			);
			inputFileListPaths = (
			);
			inputPaths = (
				"${PODS_PODFILE_DIR_PATH}/Podfile.lock",
				"${PODS_ROOT}/Manifest.lock",
			);
			name = "[CP] Check Pods Manifest.lock";
			outputFileListPaths = (
			);
			outputPaths = (
				"$(DERIVED_FILE_DIR)/Pods-BestSwiftRepos-BestSwiftReposUITests-checkManifestLockResult.txt",
			);
			runOnlyForDeploymentPostprocessing = 0;
			shellPath = /bin/sh;
			shellScript = "diff \"${PODS_PODFILE_DIR_PATH}/Podfile.lock\" \"${PODS_ROOT}/Manifest.lock\" > /dev/null\nif [ $? != 0 ] ; then\n    # print error to STDERR\n    echo \"error: The sandbox is not in sync with the Podfile.lock. Run 'pod install' or update your CocoaPods installation.\" >&2\n    exit 1\nfi\n# This output is used by Xcode 'outputs' to avoid re-running this script phase.\necho \"SUCCESS\" > \"${SCRIPT_OUTPUT_FILE_0}\"\n";
			showEnvVarsInLog = 0;
		};
		4CC13B7DC1BD467D0F08412D /* [CP] Check Pods Manifest.lock */ = {
			isa = PBXShellScriptBuildPhase;
			buildActionMask = 2147483647;
			files = (
			);
			inputFileListPaths = (
			);
			inputPaths = (
				"${PODS_PODFILE_DIR_PATH}/Podfile.lock",
				"${PODS_ROOT}/Manifest.lock",
			);
			name = "[CP] Check Pods Manifest.lock";
			outputFileListPaths = (
			);
			outputPaths = (
				"$(DERIVED_FILE_DIR)/Pods-BestSwiftRepos-checkManifestLockResult.txt",
			);
			runOnlyForDeploymentPostprocessing = 0;
			shellPath = /bin/sh;
			shellScript = "diff \"${PODS_PODFILE_DIR_PATH}/Podfile.lock\" \"${PODS_ROOT}/Manifest.lock\" > /dev/null\nif [ $? != 0 ] ; then\n    # print error to STDERR\n    echo \"error: The sandbox is not in sync with the Podfile.lock. Run 'pod install' or update your CocoaPods installation.\" >&2\n    exit 1\nfi\n# This output is used by Xcode 'outputs' to avoid re-running this script phase.\necho \"SUCCESS\" > \"${SCRIPT_OUTPUT_FILE_0}\"\n";
			showEnvVarsInLog = 0;
		};
		7C5CCEE66B9464C722B38C7E /* [CP] Embed Pods Frameworks */ = {
			isa = PBXShellScriptBuildPhase;
			buildActionMask = 2147483647;
			files = (
			);
			inputFileListPaths = (
				"${PODS_ROOT}/Target Support Files/Pods-BestSwiftReposTests/Pods-BestSwiftReposTests-frameworks-${CONFIGURATION}-input-files.xcfilelist",
			);
			name = "[CP] Embed Pods Frameworks";
			outputFileListPaths = (
				"${PODS_ROOT}/Target Support Files/Pods-BestSwiftReposTests/Pods-BestSwiftReposTests-frameworks-${CONFIGURATION}-output-files.xcfilelist",
			);
			runOnlyForDeploymentPostprocessing = 0;
			shellPath = /bin/sh;
			shellScript = "\"${PODS_ROOT}/Target Support Files/Pods-BestSwiftReposTests/Pods-BestSwiftReposTests-frameworks.sh\"\n";
			showEnvVarsInLog = 0;
		};
		9B05C74F66B7E99792B69947 /* [CP] Embed Pods Frameworks */ = {
			isa = PBXShellScriptBuildPhase;
			buildActionMask = 2147483647;
			files = (
			);
			inputFileListPaths = (
				"${PODS_ROOT}/Target Support Files/Pods-BestSwiftRepos-BestSwiftReposUITests/Pods-BestSwiftRepos-BestSwiftReposUITests-frameworks-${CONFIGURATION}-input-files.xcfilelist",
			);
			name = "[CP] Embed Pods Frameworks";
			outputFileListPaths = (
				"${PODS_ROOT}/Target Support Files/Pods-BestSwiftRepos-BestSwiftReposUITests/Pods-BestSwiftRepos-BestSwiftReposUITests-frameworks-${CONFIGURATION}-output-files.xcfilelist",
			);
			runOnlyForDeploymentPostprocessing = 0;
			shellPath = /bin/sh;
			shellScript = "\"${PODS_ROOT}/Target Support Files/Pods-BestSwiftRepos-BestSwiftReposUITests/Pods-BestSwiftRepos-BestSwiftReposUITests-frameworks.sh\"\n";
			showEnvVarsInLog = 0;
		};
		D9EC7BA064EE40A0BA6BD221 /* [CP] Check Pods Manifest.lock */ = {
			isa = PBXShellScriptBuildPhase;
			buildActionMask = 2147483647;
			files = (
			);
			inputFileListPaths = (
			);
			inputPaths = (
				"${PODS_PODFILE_DIR_PATH}/Podfile.lock",
				"${PODS_ROOT}/Manifest.lock",
			);
			name = "[CP] Check Pods Manifest.lock";
			outputFileListPaths = (
			);
			outputPaths = (
				"$(DERIVED_FILE_DIR)/Pods-BestSwiftReposTests-checkManifestLockResult.txt",
			);
			runOnlyForDeploymentPostprocessing = 0;
			shellPath = /bin/sh;
			shellScript = "diff \"${PODS_PODFILE_DIR_PATH}/Podfile.lock\" \"${PODS_ROOT}/Manifest.lock\" > /dev/null\nif [ $? != 0 ] ; then\n    # print error to STDERR\n    echo \"error: The sandbox is not in sync with the Podfile.lock. Run 'pod install' or update your CocoaPods installation.\" >&2\n    exit 1\nfi\n# This output is used by Xcode 'outputs' to avoid re-running this script phase.\necho \"SUCCESS\" > \"${SCRIPT_OUTPUT_FILE_0}\"\n";
			showEnvVarsInLog = 0;
		};
		EBA3B4F972FC2169E4A6B0EB /* [CP] Embed Pods Frameworks */ = {
			isa = PBXShellScriptBuildPhase;
			buildActionMask = 2147483647;
			files = (
			);
			inputFileListPaths = (
				"${PODS_ROOT}/Target Support Files/Pods-BestSwiftRepos/Pods-BestSwiftRepos-frameworks-${CONFIGURATION}-input-files.xcfilelist",
			);
			name = "[CP] Embed Pods Frameworks";
			outputFileListPaths = (
				"${PODS_ROOT}/Target Support Files/Pods-BestSwiftRepos/Pods-BestSwiftRepos-frameworks-${CONFIGURATION}-output-files.xcfilelist",
			);
			runOnlyForDeploymentPostprocessing = 0;
			shellPath = /bin/sh;
			shellScript = "\"${PODS_ROOT}/Target Support Files/Pods-BestSwiftRepos/Pods-BestSwiftRepos-frameworks.sh\"\n";
			showEnvVarsInLog = 0;
		};
/* End PBXShellScriptBuildPhase section */

/* Begin PBXSourcesBuildPhase section */
		41FB44C524899F8D00F11C9B /* Sources */ = {
			isa = PBXSourcesBuildPhase;
			buildActionMask = 2147483647;
			files = (
				41FB44CD24899F8D00F11C9B /* AppDelegate.swift in Sources */,
				41FB450E2489AAFD00F11C9B /* APIProvider.swift in Sources */,
				41FB4548248D3E5200F11C9B /* UIScrollViewExtension.swift in Sources */,
				41FB450C2489A76600F11C9B /* APIEndpoint.swift in Sources */,
				41FB45062489A26600F11C9B /* MainCoordinator.swift in Sources */,
				41FB44CF24899F8D00F11C9B /* SceneDelegate.swift in Sources */,
				41FB45162489B52600F11C9B /* Repository.swift in Sources */,
				41FB4530248C449200F11C9B /* UIViewExtension.swift in Sources */,
				41FB4525248C313B00F11C9B /* UITableViewExtension.swift in Sources */,
				41FB4534248C45E700F11C9B /* Global.swift in Sources */,
				41FB4520248B365200F11C9B /* Author.swift in Sources */,
				41FB453F248CBAFF00F11C9B /* AppColorPalette.swift in Sources */,
				41FB4537248C581F00F11C9B /* RepositoriesListPresenter.swift in Sources */,
				41FB45042489A25300F11C9B /* Coordinator.swift in Sources */,
				41FB4528248C334100F11C9B /* RepositoryTableViewCell.swift in Sources */,
				41FB4544248D38B000F11C9B /* ActivityIndicatorTableItemPresenter.swift in Sources */,
				41FB452A248C3DEF00F11C9B /* RespositoriesListProtocols.swift in Sources */,
				41FB4542248D34D700F11C9B /* ActivityIndicatorTableViewCell.swift in Sources */,
				41FB45082489A3A100F11C9B /* RepositoriesListViewController.swift in Sources */,
				41FB452C248C3ED300F11C9B /* RepositoryTableItemPresenter.swift in Sources */,
				41FB452E248C441600F11C9B /* UIImageViewExtension.swift in Sources */,
				41FB45122489B49500F11C9B /* DataPackage.swift in Sources */,
				41FB45142489B51A00F11C9B /* RepositoriesResult.swift in Sources */,
				41FB450A2489A72100F11C9B /* APIError.swift in Sources */,
				41FB4532248C452E00F11C9B /* UIScreenExtension.swift in Sources */,
				41FB4546248D392400F11C9B /* ActivityIndicatorProtocols.swift in Sources */,
				41FB4539248C645700F11C9B /* RepositoriesListService.swift in Sources */,
			);
			runOnlyForDeploymentPostprocessing = 0;
		};
		41FB44DB24899F9100F11C9B /* Sources */ = {
			isa = PBXSourcesBuildPhase;
			buildActionMask = 2147483647;
			files = (
				41FB44E424899F9100F11C9B /* BestSwiftReposTests.swift in Sources */,
			);
			runOnlyForDeploymentPostprocessing = 0;
		};
		41FB44E624899F9100F11C9B /* Sources */ = {
			isa = PBXSourcesBuildPhase;
			buildActionMask = 2147483647;
			files = (
				41FB44EF24899F9100F11C9B /* BestSwiftReposUITests.swift in Sources */,
			);
			runOnlyForDeploymentPostprocessing = 0;
		};
/* End PBXSourcesBuildPhase section */

/* Begin PBXTargetDependency section */
		41FB44E124899F9100F11C9B /* PBXTargetDependency */ = {
			isa = PBXTargetDependency;
			target = 41FB44C824899F8D00F11C9B /* BestSwiftRepos */;
			targetProxy = 41FB44E024899F9100F11C9B /* PBXContainerItemProxy */;
		};
		41FB44EC24899F9100F11C9B /* PBXTargetDependency */ = {
			isa = PBXTargetDependency;
			target = 41FB44C824899F8D00F11C9B /* BestSwiftRepos */;
			targetProxy = 41FB44EB24899F9100F11C9B /* PBXContainerItemProxy */;
		};
/* End PBXTargetDependency section */

/* Begin PBXVariantGroup section */
		41FB44D724899F9100F11C9B /* LaunchScreen.storyboard */ = {
			isa = PBXVariantGroup;
			children = (
				41FB44D824899F9100F11C9B /* Base */,
			);
			name = LaunchScreen.storyboard;
			sourceTree = "<group>";
		};
/* End PBXVariantGroup section */

/* Begin XCBuildConfiguration section */
		41FB44F124899F9100F11C9B /* Debug */ = {
			isa = XCBuildConfiguration;
			buildSettings = {
				ALWAYS_SEARCH_USER_PATHS = NO;
				CLANG_ANALYZER_NONNULL = YES;
				CLANG_ANALYZER_NUMBER_OBJECT_CONVERSION = YES_AGGRESSIVE;
				CLANG_CXX_LANGUAGE_STANDARD = "gnu++14";
				CLANG_CXX_LIBRARY = "libc++";
				CLANG_ENABLE_MODULES = YES;
				CLANG_ENABLE_OBJC_ARC = YES;
				CLANG_ENABLE_OBJC_WEAK = YES;
				CLANG_WARN_BLOCK_CAPTURE_AUTORELEASING = YES;
				CLANG_WARN_BOOL_CONVERSION = YES;
				CLANG_WARN_COMMA = YES;
				CLANG_WARN_CONSTANT_CONVERSION = YES;
				CLANG_WARN_DEPRECATED_OBJC_IMPLEMENTATIONS = YES;
				CLANG_WARN_DIRECT_OBJC_ISA_USAGE = YES_ERROR;
				CLANG_WARN_DOCUMENTATION_COMMENTS = YES;
				CLANG_WARN_EMPTY_BODY = YES;
				CLANG_WARN_ENUM_CONVERSION = YES;
				CLANG_WARN_INFINITE_RECURSION = YES;
				CLANG_WARN_INT_CONVERSION = YES;
				CLANG_WARN_NON_LITERAL_NULL_CONVERSION = YES;
				CLANG_WARN_OBJC_IMPLICIT_RETAIN_SELF = YES;
				CLANG_WARN_OBJC_LITERAL_CONVERSION = YES;
				CLANG_WARN_OBJC_ROOT_CLASS = YES_ERROR;
				CLANG_WARN_RANGE_LOOP_ANALYSIS = YES;
				CLANG_WARN_STRICT_PROTOTYPES = YES;
				CLANG_WARN_SUSPICIOUS_MOVE = YES;
				CLANG_WARN_UNGUARDED_AVAILABILITY = YES_AGGRESSIVE;
				CLANG_WARN_UNREACHABLE_CODE = YES;
				CLANG_WARN__DUPLICATE_METHOD_MATCH = YES;
				COPY_PHASE_STRIP = NO;
				DEBUG_INFORMATION_FORMAT = dwarf;
				ENABLE_STRICT_OBJC_MSGSEND = YES;
				ENABLE_TESTABILITY = YES;
				GCC_C_LANGUAGE_STANDARD = gnu11;
				GCC_DYNAMIC_NO_PIC = NO;
				GCC_NO_COMMON_BLOCKS = YES;
				GCC_OPTIMIZATION_LEVEL = 0;
				GCC_PREPROCESSOR_DEFINITIONS = (
					"DEBUG=1",
					"$(inherited)",
				);
				GCC_WARN_64_TO_32_BIT_CONVERSION = YES;
				GCC_WARN_ABOUT_RETURN_TYPE = YES_ERROR;
				GCC_WARN_UNDECLARED_SELECTOR = YES;
				GCC_WARN_UNINITIALIZED_AUTOS = YES_AGGRESSIVE;
				GCC_WARN_UNUSED_FUNCTION = YES;
				GCC_WARN_UNUSED_VARIABLE = YES;
				IPHONEOS_DEPLOYMENT_TARGET = 13.2;
				MTL_ENABLE_DEBUG_INFO = INCLUDE_SOURCE;
				MTL_FAST_MATH = YES;
				ONLY_ACTIVE_ARCH = YES;
				SDKROOT = iphoneos;
				SWIFT_ACTIVE_COMPILATION_CONDITIONS = DEBUG;
				SWIFT_OPTIMIZATION_LEVEL = "-Onone";
			};
			name = Debug;
		};
		41FB44F224899F9100F11C9B /* Release */ = {
			isa = XCBuildConfiguration;
			buildSettings = {
				ALWAYS_SEARCH_USER_PATHS = NO;
				CLANG_ANALYZER_NONNULL = YES;
				CLANG_ANALYZER_NUMBER_OBJECT_CONVERSION = YES_AGGRESSIVE;
				CLANG_CXX_LANGUAGE_STANDARD = "gnu++14";
				CLANG_CXX_LIBRARY = "libc++";
				CLANG_ENABLE_MODULES = YES;
				CLANG_ENABLE_OBJC_ARC = YES;
				CLANG_ENABLE_OBJC_WEAK = YES;
				CLANG_WARN_BLOCK_CAPTURE_AUTORELEASING = YES;
				CLANG_WARN_BOOL_CONVERSION = YES;
				CLANG_WARN_COMMA = YES;
				CLANG_WARN_CONSTANT_CONVERSION = YES;
				CLANG_WARN_DEPRECATED_OBJC_IMPLEMENTATIONS = YES;
				CLANG_WARN_DIRECT_OBJC_ISA_USAGE = YES_ERROR;
				CLANG_WARN_DOCUMENTATION_COMMENTS = YES;
				CLANG_WARN_EMPTY_BODY = YES;
				CLANG_WARN_ENUM_CONVERSION = YES;
				CLANG_WARN_INFINITE_RECURSION = YES;
				CLANG_WARN_INT_CONVERSION = YES;
				CLANG_WARN_NON_LITERAL_NULL_CONVERSION = YES;
				CLANG_WARN_OBJC_IMPLICIT_RETAIN_SELF = YES;
				CLANG_WARN_OBJC_LITERAL_CONVERSION = YES;
				CLANG_WARN_OBJC_ROOT_CLASS = YES_ERROR;
				CLANG_WARN_RANGE_LOOP_ANALYSIS = YES;
				CLANG_WARN_STRICT_PROTOTYPES = YES;
				CLANG_WARN_SUSPICIOUS_MOVE = YES;
				CLANG_WARN_UNGUARDED_AVAILABILITY = YES_AGGRESSIVE;
				CLANG_WARN_UNREACHABLE_CODE = YES;
				CLANG_WARN__DUPLICATE_METHOD_MATCH = YES;
				COPY_PHASE_STRIP = NO;
				DEBUG_INFORMATION_FORMAT = "dwarf-with-dsym";
				ENABLE_NS_ASSERTIONS = NO;
				ENABLE_STRICT_OBJC_MSGSEND = YES;
				GCC_C_LANGUAGE_STANDARD = gnu11;
				GCC_NO_COMMON_BLOCKS = YES;
				GCC_WARN_64_TO_32_BIT_CONVERSION = YES;
				GCC_WARN_ABOUT_RETURN_TYPE = YES_ERROR;
				GCC_WARN_UNDECLARED_SELECTOR = YES;
				GCC_WARN_UNINITIALIZED_AUTOS = YES_AGGRESSIVE;
				GCC_WARN_UNUSED_FUNCTION = YES;
				GCC_WARN_UNUSED_VARIABLE = YES;
				IPHONEOS_DEPLOYMENT_TARGET = 13.2;
				MTL_ENABLE_DEBUG_INFO = NO;
				MTL_FAST_MATH = YES;
				SDKROOT = iphoneos;
				SWIFT_COMPILATION_MODE = wholemodule;
				SWIFT_OPTIMIZATION_LEVEL = "-O";
				VALIDATE_PRODUCT = YES;
			};
			name = Release;
		};
		41FB44F424899F9100F11C9B /* Debug */ = {
			isa = XCBuildConfiguration;
			baseConfigurationReference = CF1C30826500BF07E6B33E86 /* Pods-BestSwiftRepos.debug.xcconfig */;
			buildSettings = {
				ASSETCATALOG_COMPILER_APPICON_NAME = AppIcon;
				CODE_SIGN_STYLE = Automatic;
				DEVELOPMENT_TEAM = T7HFT8M7M6;
				INFOPLIST_FILE = BestSwiftRepos/Info.plist;
				LD_RUNPATH_SEARCH_PATHS = (
					"$(inherited)",
					"@executable_path/Frameworks",
				);
				PRODUCT_BUNDLE_IDENTIFIER = com.rodrigoPacheco.BestSwiftRepos;
				PRODUCT_NAME = "$(TARGET_NAME)";
				SWIFT_VERSION = 5.0;
				TARGETED_DEVICE_FAMILY = "1,2";
			};
			name = Debug;
		};
		41FB44F524899F9100F11C9B /* Release */ = {
			isa = XCBuildConfiguration;
			baseConfigurationReference = 8B55B1F8D5EBF2232677200D /* Pods-BestSwiftRepos.release.xcconfig */;
			buildSettings = {
				ASSETCATALOG_COMPILER_APPICON_NAME = AppIcon;
				CODE_SIGN_STYLE = Automatic;
				DEVELOPMENT_TEAM = T7HFT8M7M6;
				INFOPLIST_FILE = BestSwiftRepos/Info.plist;
				LD_RUNPATH_SEARCH_PATHS = (
					"$(inherited)",
					"@executable_path/Frameworks",
				);
				PRODUCT_BUNDLE_IDENTIFIER = com.rodrigoPacheco.BestSwiftRepos;
				PRODUCT_NAME = "$(TARGET_NAME)";
				SWIFT_VERSION = 5.0;
				TARGETED_DEVICE_FAMILY = "1,2";
			};
			name = Release;
		};
		41FB44F724899F9100F11C9B /* Debug */ = {
			isa = XCBuildConfiguration;
			baseConfigurationReference = 50FFED960BB71E0EADC1B7C7 /* Pods-BestSwiftReposTests.debug.xcconfig */;
			buildSettings = {
				ALWAYS_EMBED_SWIFT_STANDARD_LIBRARIES = YES;
				BUNDLE_LOADER = "$(TEST_HOST)";
				CODE_SIGN_STYLE = Automatic;
				DEVELOPMENT_TEAM = T7HFT8M7M6;
				INFOPLIST_FILE = BestSwiftReposTests/Info.plist;
				IPHONEOS_DEPLOYMENT_TARGET = 13.2;
				LD_RUNPATH_SEARCH_PATHS = (
					"$(inherited)",
					"@executable_path/Frameworks",
					"@loader_path/Frameworks",
				);
				PRODUCT_BUNDLE_IDENTIFIER = com.rodrigoPacheco.BestSwiftReposTests;
				PRODUCT_NAME = "$(TARGET_NAME)";
				SWIFT_VERSION = 5.0;
				TARGETED_DEVICE_FAMILY = "1,2";
				TEST_HOST = "$(BUILT_PRODUCTS_DIR)/BestSwiftRepos.app/BestSwiftRepos";
			};
			name = Debug;
		};
		41FB44F824899F9100F11C9B /* Release */ = {
			isa = XCBuildConfiguration;
			baseConfigurationReference = 24412D77B2D3B751CEB9E2E3 /* Pods-BestSwiftReposTests.release.xcconfig */;
			buildSettings = {
				ALWAYS_EMBED_SWIFT_STANDARD_LIBRARIES = YES;
				BUNDLE_LOADER = "$(TEST_HOST)";
				CODE_SIGN_STYLE = Automatic;
				DEVELOPMENT_TEAM = T7HFT8M7M6;
				INFOPLIST_FILE = BestSwiftReposTests/Info.plist;
				IPHONEOS_DEPLOYMENT_TARGET = 13.2;
				LD_RUNPATH_SEARCH_PATHS = (
					"$(inherited)",
					"@executable_path/Frameworks",
					"@loader_path/Frameworks",
				);
				PRODUCT_BUNDLE_IDENTIFIER = com.rodrigoPacheco.BestSwiftReposTests;
				PRODUCT_NAME = "$(TARGET_NAME)";
				SWIFT_VERSION = 5.0;
				TARGETED_DEVICE_FAMILY = "1,2";
				TEST_HOST = "$(BUILT_PRODUCTS_DIR)/BestSwiftRepos.app/BestSwiftRepos";
			};
			name = Release;
		};
		41FB44FA24899F9100F11C9B /* Debug */ = {
			isa = XCBuildConfiguration;
			baseConfigurationReference = 4E1A01C1BE411AF5480B1A9C /* Pods-BestSwiftRepos-BestSwiftReposUITests.debug.xcconfig */;
			buildSettings = {
				ALWAYS_EMBED_SWIFT_STANDARD_LIBRARIES = YES;
				CODE_SIGN_STYLE = Automatic;
				DEVELOPMENT_TEAM = T7HFT8M7M6;
				INFOPLIST_FILE = BestSwiftReposUITests/Info.plist;
				LD_RUNPATH_SEARCH_PATHS = (
					"$(inherited)",
					"@executable_path/Frameworks",
					"@loader_path/Frameworks",
				);
				PRODUCT_BUNDLE_IDENTIFIER = com.rodrigoPacheco.BestSwiftReposUITests;
				PRODUCT_NAME = "$(TARGET_NAME)";
				SWIFT_VERSION = 5.0;
				TARGETED_DEVICE_FAMILY = "1,2";
				TEST_TARGET_NAME = BestSwiftRepos;
			};
			name = Debug;
		};
		41FB44FB24899F9100F11C9B /* Release */ = {
			isa = XCBuildConfiguration;
			baseConfigurationReference = 7DFFCE3FE7D08D8413775083 /* Pods-BestSwiftRepos-BestSwiftReposUITests.release.xcconfig */;
			buildSettings = {
				ALWAYS_EMBED_SWIFT_STANDARD_LIBRARIES = YES;
				CODE_SIGN_STYLE = Automatic;
				DEVELOPMENT_TEAM = T7HFT8M7M6;
				INFOPLIST_FILE = BestSwiftReposUITests/Info.plist;
				LD_RUNPATH_SEARCH_PATHS = (
					"$(inherited)",
					"@executable_path/Frameworks",
					"@loader_path/Frameworks",
				);
				PRODUCT_BUNDLE_IDENTIFIER = com.rodrigoPacheco.BestSwiftReposUITests;
				PRODUCT_NAME = "$(TARGET_NAME)";
				SWIFT_VERSION = 5.0;
				TARGETED_DEVICE_FAMILY = "1,2";
				TEST_TARGET_NAME = BestSwiftRepos;
			};
			name = Release;
		};
/* End XCBuildConfiguration section */

/* Begin XCConfigurationList section */
		41FB44C424899F8D00F11C9B /* Build configuration list for PBXProject "BestSwiftRepos" */ = {
			isa = XCConfigurationList;
			buildConfigurations = (
				41FB44F124899F9100F11C9B /* Debug */,
				41FB44F224899F9100F11C9B /* Release */,
			);
			defaultConfigurationIsVisible = 0;
			defaultConfigurationName = Release;
		};
		41FB44F324899F9100F11C9B /* Build configuration list for PBXNativeTarget "BestSwiftRepos" */ = {
			isa = XCConfigurationList;
			buildConfigurations = (
				41FB44F424899F9100F11C9B /* Debug */,
				41FB44F524899F9100F11C9B /* Release */,
			);
			defaultConfigurationIsVisible = 0;
			defaultConfigurationName = Release;
		};
		41FB44F624899F9100F11C9B /* Build configuration list for PBXNativeTarget "BestSwiftReposTests" */ = {
			isa = XCConfigurationList;
			buildConfigurations = (
				41FB44F724899F9100F11C9B /* Debug */,
				41FB44F824899F9100F11C9B /* Release */,
			);
			defaultConfigurationIsVisible = 0;
			defaultConfigurationName = Release;
		};
		41FB44F924899F9100F11C9B /* Build configuration list for PBXNativeTarget "BestSwiftReposUITests" */ = {
			isa = XCConfigurationList;
			buildConfigurations = (
				41FB44FA24899F9100F11C9B /* Debug */,
				41FB44FB24899F9100F11C9B /* Release */,
			);
			defaultConfigurationIsVisible = 0;
			defaultConfigurationName = Release;
		};
/* End XCConfigurationList section */
	};
	rootObject = 41FB44C124899F8D00F11C9B /* Project object */;
}
